// !$*UTF8*$!
{
	archiveVersion = 1;
	classes = {
	};
	objectVersion = 50;
	objects = {

/* Begin PBXBuildFile section */
		DA632D6320820FD900AD35BE /* AppDelegate.m in Sources */ = {isa = PBXBuildFile; fileRef = DA632D6220820FD900AD35BE /* AppDelegate.m */; };
		DA632D6620820FD900AD35BE /* ViewController.m in Sources */ = {isa = PBXBuildFile; fileRef = DA632D6520820FD900AD35BE /* ViewController.m */; };
		DA632D6920820FD900AD35BE /* Main.storyboard in Resources */ = {isa = PBXBuildFile; fileRef = DA632D6720820FD900AD35BE /* Main.storyboard */; };
		DA632D6B20820FDA00AD35BE /* Assets.xcassets in Resources */ = {isa = PBXBuildFile; fileRef = DA632D6A20820FDA00AD35BE /* Assets.xcassets */; };
		DA632D6E20820FDA00AD35BE /* LaunchScreen.storyboard in Resources */ = {isa = PBXBuildFile; fileRef = DA632D6C20820FDA00AD35BE /* LaunchScreen.storyboard */; };
		DA632D7120820FDA00AD35BE /* main.m in Sources */ = {isa = PBXBuildFile; fileRef = DA632D7020820FDA00AD35BE /* main.m */; };
/* End PBXBuildFile section */

/* Begin PBXFileReference section */
		DA632D5E20820FD900AD35BE /* NSSet.app */ = {isa = PBXFileReference; explicitFileType = wrapper.application; includeInIndex = 0; path = NSSet.app; sourceTree = BUILT_PRODUCTS_DIR; };
		DA632D6120820FD900AD35BE /* AppDelegate.h */ = {isa = PBXFileReference; lastKnownFileType = sourcecode.c.h; path = AppDelegate.h; sourceTree = "<group>"; };
		DA632D6220820FD900AD35BE /* AppDelegate.m */ = {isa = PBXFileReference; lastKnownFileType = sourcecode.c.objc; path = AppDelegate.m; sourceTree = "<group>"; };
		DA632D6420820FD900AD35BE /* ViewController.h */ = {isa = PBXFileReference; lastKnownFileType = sourcecode.c.h; path = ViewController.h; sourceTree = "<group>"; };
		DA632D6520820FD900AD35BE /* ViewController.m */ = {isa = PBXFileReference; lastKnownFileType = sourcecode.c.objc; path = ViewController.m; sourceTree = "<group>"; };
		DA632D6820820FD900AD35BE /* Base */ = {isa = PBXFileReference; lastKnownFileType = file.storyboard; name = Base; path = Base.lproj/Main.storyboard; sourceTree = "<group>"; };
		DA632D6A20820FDA00AD35BE /* Assets.xcassets */ = {isa = PBXFileReference; lastKnownFileType = folder.assetcatalog; path = Assets.xcassets; sourceTree = "<group>"; };
		DA632D6D20820FDA00AD35BE /* Base */ = {isa = PBXFileReference; lastKnownFileType = file.storyboard; name = Base; path = Base.lproj/LaunchScreen.storyboard; sourceTree = "<group>"; };
		DA632D6F20820FDA00AD35BE /* Info.plist */ = {isa = PBXFileReference; lastKnownFileType = text.plist.xml; path = Info.plist; sourceTree = "<group>"; };
		DA632D7020820FDA00AD35BE /* main.m */ = {isa = PBXFileReference; lastKnownFileType = sourcecode.c.objc; path = main.m; sourceTree = "<group>"; };
/* End PBXFileReference section */

/* Begin PBXFrameworksBuildPhase section */
		DA632D5B20820FD900AD35BE /* Frameworks */ = {
			isa = PBXFrameworksBuildPhase;
			buildActionMask = 2147483647;
			files = (
			);
			runOnlyForDeploymentPostprocessing = 0;
		};
/* End PBXFrameworksBuildPhase section */

/* Begin PBXGroup section */
		DA632D5520820FD900AD35BE = {
			isa = PBXGroup;
			children = (
				DA632D6020820FD900AD35BE /* NSSet */,
				DA632D5F20820FD900AD35BE /* Products */,
			);
			sourceTree = "<group>";
		};
		DA632D5F20820FD900AD35BE /* Products */ = {
			isa = PBXGroup;
			children = (
				DA632D5E20820FD900AD35BE /* NSSet.app */,
			);
			name = Products;
			sourceTree = "<group>";
		};
		DA632D6020820FD900AD35BE /* NSSet */ = {
			isa = PBXGroup;
			children = (
				DA632D6120820FD900AD35BE /* AppDelegate.h */,
				DA632D6220820FD900AD35BE /* AppDelegate.m */,
				DA632D6420820FD900AD35BE /* ViewController.h */,
				DA632D6520820FD900AD35BE /* ViewController.m */,
				DA632D6720820FD900AD35BE /* Main.storyboard */,
				DA632D6A20820FDA00AD35BE /* Assets.xcassets */,
				DA632D6C20820FDA00AD35BE /* LaunchScreen.storyboard */,
				DA632D6F20820FDA00AD35BE /* Info.plist */,
				DA632D7020820FDA00AD35BE /* main.m */,
			);
			path = NSSet;
			sourceTree = "<group>";
		};
/* End PBXGroup section */

/* Begin PBXNativeTarget section */
		DA632D5D20820FD900AD35BE /* NSSet */ = {
			isa = PBXNativeTarget;
			buildConfigurationList = DA632D7420820FDA00AD35BE /* Build configuration list for PBXNativeTarget "NSSet" */;
			buildPhases = (
				DA632D5A20820FD900AD35BE /* Sources */,
				DA632D5B20820FD900AD35BE /* Frameworks */,
				DA632D5C20820FD900AD35BE /* Resources */,
			);
			buildRules = (
			);
			dependencies = (
			);
			name = NSSet;
			productName = NSSet;
			productReference = DA632D5E20820FD900AD35BE /* NSSet.app */;
			productType = "com.apple.product-type.application";
		};
/* End PBXNativeTarget section */

/* Begin PBXProject section */
		DA632D5620820FD900AD35BE /* Project object */ = {
			isa = PBXProject;
			attributes = {
				LastUpgradeCheck = 0930;
				ORGANIZATIONNAME = Paul;
				TargetAttributes = {
					DA632D5D20820FD900AD35BE = {
						CreatedOnToolsVersion = 9.3;
					};
				};
			};
			buildConfigurationList = DA632D5920820FD900AD35BE /* Build configuration list for PBXProject "NSSet" */;
			compatibilityVersion = "Xcode 9.3";
			developmentRegion = en;
			hasScannedForEncodings = 0;
			knownRegions = (
				en,
				Base,
			);
			mainGroup = DA632D5520820FD900AD35BE;
			productRefGroup = DA632D5F20820FD900AD35BE /* Products */;
			projectDirPath = "";
			projectRoot = "";
			targets = (
				DA632D5D20820FD900AD35BE /* NSSet */,
			);
		};
/* End PBXProject section */

/* Begin PBXResourcesBuildPhase section */
		DA632D5C20820FD900AD35BE /* Resources */ = {
			isa = PBXResourcesBuildPhase;
			buildActionMask = 2147483647;
			files = (
				DA632D6E20820FDA00AD35BE /* LaunchScreen.storyboard in Resources */,
				DA632D6B20820FDA00AD35BE /* Assets.xcassets in Resources */,
				DA632D6920820FD900AD35BE /* Main.storyboard in Resources */,
			);
			runOnlyForDeploymentPostprocessing = 0;
		};
/* End PBXResourcesBuildPhase section */

/* Begin PBXSourcesBuildPhase section */
		DA632D5A20820FD900AD35BE /* Sources */ = {
			isa = PBXSourcesBuildPhase;
			buildActionMask = 2147483647;
			files = (
				DA632D6620820FD900AD35BE /* ViewController.m in Sources */,
				DA632D7120820FDA00AD35BE /* main.m in Sources */,
				DA632D6320820FD900AD35BE /* AppDelegate.m in Sources */,
			);
			runOnlyForDeploymentPostprocessing = 0;
		};
/* End PBXSourcesBuildPhase section */

/* Begin PBXVariantGroup section */
		DA632D6720820FD900AD35BE /* Main.storyboard */ = {
			isa = PBXVariantGroup;
			children = (
				DA632D6820820FD900AD35BE /* Base */,
			);
			name = Main.storyboard;
			sourceTree = "<group>";
		};
		DA632D6C20820FDA00AD35BE /* LaunchScreen.storyboard */ = {
			isa = PBXVariantGroup;
			children = (
				DA632D6D20820FDA00AD35BE /* Base */,
			);
			name = LaunchScreen.storyboard;
			sourceTree = "<group>";
		};
/* End PBXVariantGroup section */

/* Begin XCBuildConfiguration section */
		DA632D7220820FDA00AD35BE /* Debug */ = {
			isa = XCBuildConfiguration;
			buildSettings = {
				ALWAYS_SEARCH_USER_PATHS = NO;
				CLANG_ANALYZER_NONNULL = YES;
				CLANG_ANALYZER_NUMBER_OBJECT_CONVERSION = YES_AGGRESSIVE;
				CLANG_CXX_LANGUAGE_STANDARD = "gnu++14";
				CLANG_CXX_LIBRARY = "libc++";
				CLANG_ENABLE_MODULES = YES;
				CLANG_ENABLE_OBJC_ARC = NO;
				CLANG_ENABLE_OBJC_WEAK = YES;
				CLANG_WARN_BLOCK_CAPTURE_AUTORELEASING = YES;
				CLANG_WARN_BOOL_CONVERSION = YES;
				CLANG_WARN_COMMA = YES;
				CLANG_WARN_CONSTANT_CONVERSION = YES;
				CLANG_WARN_DEPRECATED_OBJC_IMPLEMENTATIONS = YES;
				CLANG_WARN_DIRECT_OBJC_ISA_USAGE = YES_ERROR;
				CLANG_WARN_DOCUMENTATION_COMMENTS = YES;
				CLANG_WARN_EMPTY_BODY = YES;
				CLANG_WARN_ENUM_CONVERSION = YES;
				CLANG_WARN_INFINITE_RECURSION = YES;
				CLANG_WARN_INT_CONVERSION = YES;
				CLANG_WARN_NON_LITERAL_NULL_CONVERSION = YES;
				CLANG_WARN_OBJC_IMPLICIT_RETAIN_SELF = YES;
				CLANG_WARN_OBJC_LITERAL_CONVERSION = YES;
				CLANG_WARN_OBJC_ROOT_CLASS = YES_ERROR;
				CLANG_WARN_RANGE_LOOP_ANALYSIS = YES;
				CLANG_WARN_STRICT_PROTOTYPES = YES;
				CLANG_WARN_SUSPICIOUS_MOVE = YES;
				CLANG_WARN_UNGUARDED_AVAILABILITY = YES_AGGRESSIVE;
				CLANG_WARN_UNREACHABLE_CODE = YES;
				CLANG_WARN__DUPLICATE_METHOD_MATCH = YES;
				CODE_SIGN_IDENTITY = "iPhone Developer";
				COPY_PHASE_STRIP = NO;
				DEBUG_INFORMATION_FORMAT = dwarf;
				ENABLE_STRICT_OBJC_MSGSEND = YES;
				ENABLE_TESTABILITY = YES;
				GCC_C_LANGUAGE_STANDARD = gnu11;
				GCC_DYNAMIC_NO_PIC = NO;
				GCC_NO_COMMON_BLOCKS = YES;
				GCC_OPTIMIZATION_LEVEL = 0;
				GCC_PREPROCESSOR_DEFINITIONS = (
					"DEBUG=1",
					"$(inherited)",
				);
				GCC_WARN_64_TO_32_BIT_CONVERSION = YES;
				GCC_WARN_ABOUT_RETURN_TYPE = YES_ERROR;
				GCC_WARN_UNDECLARED_SELECTOR = YES;
				GCC_WARN_UNINITIALIZED_AUTOS = YES_AGGRESSIVE;
				GCC_WARN_UNUSED_FUNCTION = YES;
				GCC_WARN_UNUSED_VARIABLE = YES;
				IPHONEOS_DEPLOYMENT_TARGET = 11.3;
				MTL_ENABLE_DEBUG_INFO = YES;
				ONLY_ACTIVE_ARCH = YES;
				SDKROOT = iphoneos;
			};
			name = Debug;
		};
		DA632D7320820FDA00AD35BE /* Release */ = {
			isa = XCBuildConfiguration;
			buildSettings = {
				ALWAYS_SEARCH_USER_PATHS = NO;
				CLANG_ANALYZER_NONNULL = YES;
				CLANG_ANALYZER_NUMBER_OBJECT_CONVERSION = YES_AGGRESSIVE;
				CLANG_CXX_LANGUAGE_STANDARD = "gnu++14";
				CLANG_CXX_LIBRARY = "libc++";
				CLANG_ENABLE_MODULES = YES;
				CLANG_ENABLE_OBJC_ARC = NO;
				CLANG_ENABLE_OBJC_WEAK = YES;
				CLANG_WARN_BLOCK_CAPTURE_AUTORELEASING = YES;
				CLANG_WARN_BOOL_CONVERSION = YES;
				CLANG_WARN_COMMA = YES;
				CLANG_WARN_CONSTANT_CONVERSION = YES;
				CLANG_WARN_DEPRECATED_OBJC_IMPLEMENTATIONS = YES;
				CLANG_WARN_DIRECT_OBJC_ISA_USAGE = YES_ERROR;
				CLANG_WARN_DOCUMENTATION_COMMENTS = YES;
				CLANG_WARN_EMPTY_BODY = YES;
				CLANG_WARN_ENUM_CONVERSION = YES;
				CLANG_WARN_INFINITE_RECURSION = YES;
				CLANG_WARN_INT_CONVERSION = YES;
				CLANG_WARN_NON_LITERAL_NULL_CONVERSION = YES;
				CLANG_WARN_OBJC_IMPLICIT_RETAIN_SELF = YES;
				CLANG_WARN_OBJC_LITERAL_CONVERSION = YES;
				CLANG_WARN_OBJC_ROOT_CLASS = YES_ERROR;
				CLANG_WARN_RANGE_LOOP_ANALYSIS = YES;
				CLANG_WARN_STRICT_PROTOTYPES = YES;
				CLANG_WARN_SUSPICIOUS_MOVE = YES;
				CLANG_WARN_UNGUARDED_AVAILABILITY = YES_AGGRESSIVE;
				CLANG_WARN_UNREACHABLE_CODE = YES;
				CLANG_WARN__DUPLICATE_METHOD_MATCH = YES;
				CODE_SIGN_IDENTITY = "iPhone Developer";
				COPY_PHASE_STRIP = NO;
				DEBUG_INFORMATION_FORMAT = "dwarf-with-dsym";
				ENABLE_NS_ASSERTIONS = NO;
				ENABLE_STRICT_OBJC_MSGSEND = YES;
				GCC_C_LANGUAGE_STANDARD = gnu11;
				GCC_NO_COMMON_BLOCKS = YES;
				GCC_WARN_64_TO_32_BIT_CONVERSION = YES;
				GCC_WARN_ABOUT_RETURN_TYPE = YES_ERROR;
				GCC_WARN_UNDECLARED_SELECTOR = YES;
				GCC_WARN_UNINITIALIZED_AUTOS = YES_AGGRESSIVE;
				GCC_WARN_UNUSED_FUNCTION = YES;
				GCC_WARN_UNUSED_VARIABLE = YES;
				IPHONEOS_DEPLOYMENT_TARGET = 11.3;
				MTL_ENABLE_DEBUG_INFO = NO;
				SDKROOT = iphoneos;
				VALIDATE_PRODUCT = YES;
			};
			name = Release;
		};
		DA632D7520820FDA00AD35BE /* Debug */ = {
			isa = XCBuildConfiguration;
			buildSettings = {
				ASSETCATALOG_COMPILER_APPICON_NAME = AppIcon;
				CODE_SIGN_STYLE = Automatic;
				INFOPLIST_FILE = NSSet/Info.plist;
				LD_RUNPATH_SEARCH_PATHS = (
					"$(inherited)",
					"@executable_path/Frameworks",
				);
				PRODUCT_BUNDLE_IDENTIFIER = Koka.NSSet;
				PRODUCT_NAME = "$(TARGET_NAME)";
				TARGETED_DEVICE_FAMILY = "1,2";
			};
			name = Debug;
		};
		DA632D7620820FDA00AD35BE /* Release */ = {
			isa = XCBuildConfiguration;
			buildSettings = {
				ASSETCATALOG_COMPILER_APPICON_NAME = AppIcon;
				CODE_SIGN_STYLE = Automatic;
				INFOPLIST_FILE = NSSet/Info.plist;
				LD_RUNPATH_SEARCH_PATHS = (
					"$(inherited)",
					"@executable_path/Frameworks",
				);
				PRODUCT_BUNDLE_IDENTIFIER = Koka.NSSet;
				PRODUCT_NAME = "$(TARGET_NAME)";
				TARGETED_DEVICE_FAMILY = "1,2";
			};
			name = Release;
		};
/* End XCBuildConfiguration section */

/* Begin XCConfigurationList section */
		DA632D5920820FD900AD35BE /* Build configuration list for PBXProject "NSSet" */ = {
			isa = XCConfigurationList;
			buildConfigurations = (
				DA632D7220820FDA00AD35BE /* Debug */,
				DA632D7320820FDA00AD35BE /* Release */,
			);
			defaultConfigurationIsVisible = 0;
			defaultConfigurationName = Release;
		};
		DA632D7420820FDA00AD35BE /* Build configuration list for PBXNativeTarget "NSSet" */ = {
			isa = XCConfigurationList;
			buildConfigurations = (
				DA632D7520820FDA00AD35BE /* Debug */,
				DA632D7620820FDA00AD35BE /* Release */,
			);
			defaultConfigurationIsVisible = 0;
			defaultConfigurationName = Release;
		};
/* End XCConfigurationList section */
	};
	rootObject = DA632D5620820FD900AD35BE /* Project object */;
}
